{
  "name": "neighborhood-map",
  "version": "0.1.0",
  "lockfileVersion": 1,
  "requires": true,
  "dependencies": {
    "hoist-non-react-statics": {
      "version": "1.2.0",
      "resolved": "https://registry.npmjs.org/hoist-non-react-statics/-/hoist-non-react-statics-1.2.0.tgz",
      "integrity": "sha1-qkSM8JhtVcxAdzsXF0t90GbLfPs="
    },
    "react-async-script-loader": {
      "version": "0.3.0",
      "resolved": "https://registry.npmjs.org/react-async-script-loader/-/react-async-script-loader-0.3.0.tgz",
      "integrity": "sha1-x0KzyiXgi6Yat+tkNx+BQCdpK4Y=",
      "requires": {
        "hoist-non-react-statics": "1.2.0"
      }
    }
  }
}
